// !$*UTF8*$!
{
	archiveVersion = 1;
	classes = {
	};
	objectVersion = 56;
	objects = {

/* Begin PBXBuildFile section */
		29464BCD29EF288900C1AE4E /* AppDelegate.swift in Sources */ = {isa = PBXBuildFile; fileRef = 29464BCC29EF288900C1AE4E /* AppDelegate.swift */; };
		29464BCF29EF288900C1AE4E /* SceneDelegate.swift in Sources */ = {isa = PBXBuildFile; fileRef = 29464BCE29EF288900C1AE4E /* SceneDelegate.swift */; };
		29464BD129EF288900C1AE4E /* ViewController.swift in Sources */ = {isa = PBXBuildFile; fileRef = 29464BD029EF288900C1AE4E /* ViewController.swift */; };
		29464BD429EF288900C1AE4E /* Main.storyboard in Resources */ = {isa = PBXBuildFile; fileRef = 29464BD229EF288900C1AE4E /* Main.storyboard */; };
		29464BD629EF289000C1AE4E /* Assets.xcassets in Resources */ = {isa = PBXBuildFile; fileRef = 29464BD529EF289000C1AE4E /* Assets.xcassets */; };
		29464BD929EF289000C1AE4E /* LaunchScreen.storyboard in Resources */ = {isa = PBXBuildFile; fileRef = 29464BD729EF289000C1AE4E /* LaunchScreen.storyboard */; };
		29464BE429EF289100C1AE4E /* ApplePieTests.swift in Sources */ = {isa = PBXBuildFile; fileRef = 29464BE329EF289100C1AE4E /* ApplePieTests.swift */; };
		29464BEE29EF289100C1AE4E /* ApplePieUITests.swift in Sources */ = {isa = PBXBuildFile; fileRef = 29464BED29EF289100C1AE4E /* ApplePieUITests.swift */; };
		29464BF029EF289100C1AE4E /* ApplePieUITestsLaunchTests.swift in Sources */ = {isa = PBXBuildFile; fileRef = 29464BEF29EF289100C1AE4E /* ApplePieUITestsLaunchTests.swift */; };
		2955DF1F29EF332000BA08AF /* Game.swift in Sources */ = {isa = PBXBuildFile; fileRef = 2955DF1E29EF332000BA08AF /* Game.swift */; };
/* End PBXBuildFile section */

/* Begin PBXContainerItemProxy section */
		29464BE029EF289100C1AE4E /* PBXContainerItemProxy */ = {
			isa = PBXContainerItemProxy;
			containerPortal = 29464BC129EF288900C1AE4E /* Project object */;
			proxyType = 1;
			remoteGlobalIDString = 29464BC829EF288900C1AE4E;
			remoteInfo = ApplePie;
		};
		29464BEA29EF289100C1AE4E /* PBXContainerItemProxy */ = {
			isa = PBXContainerItemProxy;
			containerPortal = 29464BC129EF288900C1AE4E /* Project object */;
			proxyType = 1;
			remoteGlobalIDString = 29464BC829EF288900C1AE4E;
			remoteInfo = ApplePie;
		};
/* End PBXContainerItemProxy section */

/* Begin PBXFileReference section */
		29464BC929EF288900C1AE4E /* ApplePie.app */ = {isa = PBXFileReference; explicitFileType = wrapper.application; includeInIndex = 0; path = ApplePie.app; sourceTree = BUILT_PRODUCTS_DIR; };
		29464BCC29EF288900C1AE4E /* AppDelegate.swift */ = {isa = PBXFileReference; lastKnownFileType = sourcecode.swift; path = AppDelegate.swift; sourceTree = "<group>"; };
		29464BCE29EF288900C1AE4E /* SceneDelegate.swift */ = {isa = PBXFileReference; lastKnownFileType = sourcecode.swift; path = SceneDelegate.swift; sourceTree = "<group>"; };
		29464BD029EF288900C1AE4E /* ViewController.swift */ = {isa = PBXFileReference; lastKnownFileType = sourcecode.swift; path = ViewController.swift; sourceTree = "<group>"; };
		29464BD329EF288900C1AE4E /* Base */ = {isa = PBXFileReference; lastKnownFileType = file.storyboard; name = Base; path = Base.lproj/Main.storyboard; sourceTree = "<group>"; };
		29464BD529EF289000C1AE4E /* Assets.xcassets */ = {isa = PBXFileReference; lastKnownFileType = folder.assetcatalog; path = Assets.xcassets; sourceTree = "<group>"; };
		29464BD829EF289000C1AE4E /* Base */ = {isa = PBXFileReference; lastKnownFileType = file.storyboard; name = Base; path = Base.lproj/LaunchScreen.storyboard; sourceTree = "<group>"; };
		29464BDA29EF289000C1AE4E /* Info.plist */ = {isa = PBXFileReference; lastKnownFileType = text.plist.xml; path = Info.plist; sourceTree = "<group>"; };
		29464BDF29EF289100C1AE4E /* ApplePieTests.xctest */ = {isa = PBXFileReference; explicitFileType = wrapper.cfbundle; includeInIndex = 0; path = ApplePieTests.xctest; sourceTree = BUILT_PRODUCTS_DIR; };
		29464BE329EF289100C1AE4E /* ApplePieTests.swift */ = {isa = PBXFileReference; lastKnownFileType = sourcecode.swift; path = ApplePieTests.swift; sourceTree = "<group>"; };
		29464BE929EF289100C1AE4E /* ApplePieUITests.xctest */ = {isa = PBXFileReference; explicitFileType = wrapper.cfbundle; includeInIndex = 0; path = ApplePieUITests.xctest; sourceTree = BUILT_PRODUCTS_DIR; };
		29464BED29EF289100C1AE4E /* ApplePieUITests.swift */ = {isa = PBXFileReference; lastKnownFileType = sourcecode.swift; path = ApplePieUITests.swift; sourceTree = "<group>"; };
		29464BEF29EF289100C1AE4E /* ApplePieUITestsLaunchTests.swift */ = {isa = PBXFileReference; lastKnownFileType = sourcecode.swift; path = ApplePieUITestsLaunchTests.swift; sourceTree = "<group>"; };
		2955DF1E29EF332000BA08AF /* Game.swift */ = {isa = PBXFileReference; lastKnownFileType = sourcecode.swift; path = Game.swift; sourceTree = "<group>"; };
/* End PBXFileReference section */

/* Begin PBXFrameworksBuildPhase section */
		29464BC629EF288900C1AE4E /* Frameworks */ = {
			isa = PBXFrameworksBuildPhase;
			buildActionMask = 2147483647;
			files = (
			);
			runOnlyForDeploymentPostprocessing = 0;
		};
		29464BDC29EF289100C1AE4E /* Frameworks */ = {
			isa = PBXFrameworksBuildPhase;
			buildActionMask = 2147483647;
			files = (
			);
			runOnlyForDeploymentPostprocessing = 0;
		};
		29464BE629EF289100C1AE4E /* Frameworks */ = {
			isa = PBXFrameworksBuildPhase;
			buildActionMask = 2147483647;
			files = (
			);
			runOnlyForDeploymentPostprocessing = 0;
		};
/* End PBXFrameworksBuildPhase section */

/* Begin PBXGroup section */
		29464BC029EF288900C1AE4E = {
			isa = PBXGroup;
			children = (
				29464BCB29EF288900C1AE4E /* ApplePie */,
				29464BE229EF289100C1AE4E /* ApplePieTests */,
				29464BEC29EF289100C1AE4E /* ApplePieUITests */,
				29464BCA29EF288900C1AE4E /* Products */,
			);
			sourceTree = "<group>";
		};
		29464BCA29EF288900C1AE4E /* Products */ = {
			isa = PBXGroup;
			children = (
				29464BC929EF288900C1AE4E /* ApplePie.app */,
				29464BDF29EF289100C1AE4E /* ApplePieTests.xctest */,
				29464BE929EF289100C1AE4E /* ApplePieUITests.xctest */,
			);
			name = Products;
			sourceTree = "<group>";
		};
		29464BCB29EF288900C1AE4E /* ApplePie */ = {
			isa = PBXGroup;
			children = (
				2955DF1E29EF332000BA08AF /* Game.swift */,
				29464BCC29EF288900C1AE4E /* AppDelegate.swift */,
				29464BCE29EF288900C1AE4E /* SceneDelegate.swift */,
				29464BD029EF288900C1AE4E /* ViewController.swift */,
				29464BD229EF288900C1AE4E /* Main.storyboard */,
				29464BD529EF289000C1AE4E /* Assets.xcassets */,
				29464BD729EF289000C1AE4E /* LaunchScreen.storyboard */,
				29464BDA29EF289000C1AE4E /* Info.plist */,
			);
			path = ApplePie;
			sourceTree = "<group>";
		};
		29464BE229EF289100C1AE4E /* ApplePieTests */ = {
			isa = PBXGroup;
			children = (
				29464BE329EF289100C1AE4E /* ApplePieTests.swift */,
			);
			path = ApplePieTests;
			sourceTree = "<group>";
		};
		29464BEC29EF289100C1AE4E /* ApplePieUITests */ = {
			isa = PBXGroup;
			children = (
				29464BED29EF289100C1AE4E /* ApplePieUITests.swift */,
				29464BEF29EF289100C1AE4E /* ApplePieUITestsLaunchTests.swift */,
			);
			path = ApplePieUITests;
			sourceTree = "<group>";
		};
/* End PBXGroup section */

/* Begin PBXNativeTarget section */
		29464BC829EF288900C1AE4E /* ApplePie */ = {
			isa = PBXNativeTarget;
			buildConfigurationList = 29464BF329EF289100C1AE4E /* Build configuration list for PBXNativeTarget "ApplePie" */;
			buildPhases = (
				29464BC529EF288900C1AE4E /* Sources */,
				29464BC629EF288900C1AE4E /* Frameworks */,
				29464BC729EF288900C1AE4E /* Resources */,
			);
			buildRules = (
			);
			dependencies = (
			);
			name = ApplePie;
			productName = ApplePie;
			productReference = 29464BC929EF288900C1AE4E /* ApplePie.app */;
			productType = "com.apple.product-type.application";
		};
		29464BDE29EF289100C1AE4E /* ApplePieTests */ = {
			isa = PBXNativeTarget;
			buildConfigurationList = 29464BF629EF289100C1AE4E /* Build configuration list for PBXNativeTarget "ApplePieTests" */;
			buildPhases = (
				29464BDB29EF289100C1AE4E /* Sources */,
				29464BDC29EF289100C1AE4E /* Frameworks */,
				29464BDD29EF289100C1AE4E /* Resources */,
			);
			buildRules = (
			);
			dependencies = (
				29464BE129EF289100C1AE4E /* PBXTargetDependency */,
			);
			name = ApplePieTests;
			productName = ApplePieTests;
			productReference = 29464BDF29EF289100C1AE4E /* ApplePieTests.xctest */;
			productType = "com.apple.product-type.bundle.unit-test";
		};
		29464BE829EF289100C1AE4E /* ApplePieUITests */ = {
			isa = PBXNativeTarget;
			buildConfigurationList = 29464BF929EF289100C1AE4E /* Build configuration list for PBXNativeTarget "ApplePieUITests" */;
			buildPhases = (
				29464BE529EF289100C1AE4E /* Sources */,
				29464BE629EF289100C1AE4E /* Frameworks */,
				29464BE729EF289100C1AE4E /* Resources */,
			);
			buildRules = (
			);
			dependencies = (
				29464BEB29EF289100C1AE4E /* PBXTargetDependency */,
			);
			name = ApplePieUITests;
			productName = ApplePieUITests;
			productReference = 29464BE929EF289100C1AE4E /* ApplePieUITests.xctest */;
			productType = "com.apple.product-type.bundle.ui-testing";
		};
/* End PBXNativeTarget section */

/* Begin PBXProject section */
		29464BC129EF288900C1AE4E /* Project object */ = {
			isa = PBXProject;
			attributes = {
				BuildIndependentTargetsInParallel = 1;
				LastSwiftUpdateCheck = 1420;
				LastUpgradeCheck = 1420;
				TargetAttributes = {
					29464BC829EF288900C1AE4E = {
						CreatedOnToolsVersion = 14.2;
					};
					29464BDE29EF289100C1AE4E = {
						CreatedOnToolsVersion = 14.2;
						TestTargetID = 29464BC829EF288900C1AE4E;
					};
					29464BE829EF289100C1AE4E = {
						CreatedOnToolsVersion = 14.2;
						TestTargetID = 29464BC829EF288900C1AE4E;
					};
				};
			};
			buildConfigurationList = 29464BC429EF288900C1AE4E /* Build configuration list for PBXProject "ApplePie" */;
			compatibilityVersion = "Xcode 14.0";
			developmentRegion = en;
			hasScannedForEncodings = 0;
			knownRegions = (
				en,
				Base,
			);
			mainGroup = 29464BC029EF288900C1AE4E;
			productRefGroup = 29464BCA29EF288900C1AE4E /* Products */;
			projectDirPath = "";
			projectRoot = "";
			targets = (
				29464BC829EF288900C1AE4E /* ApplePie */,
				29464BDE29EF289100C1AE4E /* ApplePieTests */,
				29464BE829EF289100C1AE4E /* ApplePieUITests */,
			);
		};
/* End PBXProject section */

/* Begin PBXResourcesBuildPhase section */
		29464BC729EF288900C1AE4E /* Resources */ = {
			isa = PBXResourcesBuildPhase;
			buildActionMask = 2147483647;
			files = (
				29464BD929EF289000C1AE4E /* LaunchScreen.storyboard in Resources */,
				29464BD629EF289000C1AE4E /* Assets.xcassets in Resources */,
				29464BD429EF288900C1AE4E /* Main.storyboard in Resources */,
			);
			runOnlyForDeploymentPostprocessing = 0;
		};
		29464BDD29EF289100C1AE4E /* Resources */ = {
			isa = PBXResourcesBuildPhase;
			buildActionMask = 2147483647;
			files = (
			);
			runOnlyForDeploymentPostprocessing = 0;
		};
		29464BE729EF289100C1AE4E /* Resources */ = {
			isa = PBXResourcesBuildPhase;
			buildActionMask = 2147483647;
			files = (
			);
			runOnlyForDeploymentPostprocessing = 0;
		};
/* End PBXResourcesBuildPhase section */

/* Begin PBXSourcesBuildPhase section */
		29464BC529EF288900C1AE4E /* Sources */ = {
			isa = PBXSourcesBuildPhase;
			buildActionMask = 2147483647;
			files = (
				29464BD129EF288900C1AE4E /* ViewController.swift in Sources */,
				29464BCD29EF288900C1AE4E /* AppDelegate.swift in Sources */,
				29464BCF29EF288900C1AE4E /* SceneDelegate.swift in Sources */,
				2955DF1F29EF332000BA08AF /* Game.swift in Sources */,
			);
			runOnlyForDeploymentPostprocessing = 0;
		};
		29464BDB29EF289100C1AE4E /* Sources */ = {
			isa = PBXSourcesBuildPhase;
			buildActionMask = 2147483647;
			files = (
				29464BE429EF289100C1AE4E /* ApplePieTests.swift in Sources */,
			);
			runOnlyForDeploymentPostprocessing = 0;
		};
		29464BE529EF289100C1AE4E /* Sources */ = {
			isa = PBXSourcesBuildPhase;
			buildActionMask = 2147483647;
			files = (
				29464BF029EF289100C1AE4E /* ApplePieUITestsLaunchTests.swift in Sources */,
				29464BEE29EF289100C1AE4E /* ApplePieUITests.swift in Sources */,
			);
			runOnlyForDeploymentPostprocessing = 0;
		};
/* End PBXSourcesBuildPhase section */

/* Begin PBXTargetDependency section */
		29464BE129EF289100C1AE4E /* PBXTargetDependency */ = {
			isa = PBXTargetDependency;
			target = 29464BC829EF288900C1AE4E /* ApplePie */;
			targetProxy = 29464BE029EF289100C1AE4E /* PBXContainerItemProxy */;
		};
		29464BEB29EF289100C1AE4E /* PBXTargetDependency */ = {
			isa = PBXTargetDependency;
			target = 29464BC829EF288900C1AE4E /* ApplePie */;
			targetProxy = 29464BEA29EF289100C1AE4E /* PBXContainerItemProxy */;
		};
/* End PBXTargetDependency section */

/* Begin PBXVariantGroup section */
		29464BD229EF288900C1AE4E /* Main.storyboard */ = {
			isa = PBXVariantGroup;
			children = (
				29464BD329EF288900C1AE4E /* Base */,
			);
			name = Main.storyboard;
			sourceTree = "<group>";
		};
		29464BD729EF289000C1AE4E /* LaunchScreen.storyboard */ = {
			isa = PBXVariantGroup;
			children = (
				29464BD829EF289000C1AE4E /* Base */,
			);
			name = LaunchScreen.storyboard;
			sourceTree = "<group>";
		};
/* End PBXVariantGroup section */

/* Begin XCBuildConfiguration section */
		29464BF129EF289100C1AE4E /* Debug */ = {
			isa = XCBuildConfiguration;
			buildSettings = {
				ALWAYS_SEARCH_USER_PATHS = NO;
				CLANG_ANALYZER_NONNULL = YES;
				CLANG_ANALYZER_NUMBER_OBJECT_CONVERSION = YES_AGGRESSIVE;
				CLANG_CXX_LANGUAGE_STANDARD = "gnu++20";
				CLANG_ENABLE_MODULES = YES;
				CLANG_ENABLE_OBJC_ARC = YES;
				CLANG_ENABLE_OBJC_WEAK = YES;
				CLANG_WARN_BLOCK_CAPTURE_AUTORELEASING = YES;
				CLANG_WARN_BOOL_CONVERSION = YES;
				CLANG_WARN_COMMA = YES;
				CLANG_WARN_CONSTANT_CONVERSION = YES;
				CLANG_WARN_DEPRECATED_OBJC_IMPLEMENTATIONS = YES;
				CLANG_WARN_DIRECT_OBJC_ISA_USAGE = YES_ERROR;
				CLANG_WARN_DOCUMENTATION_COMMENTS = YES;
				CLANG_WARN_EMPTY_BODY = YES;
				CLANG_WARN_ENUM_CONVERSION = YES;
				CLANG_WARN_INFINITE_RECURSION = YES;
				CLANG_WARN_INT_CONVERSION = YES;
				CLANG_WARN_NON_LITERAL_NULL_CONVERSION = YES;
				CLANG_WARN_OBJC_IMPLICIT_RETAIN_SELF = YES;
				CLANG_WARN_OBJC_LITERAL_CONVERSION = YES;
				CLANG_WARN_OBJC_ROOT_CLASS = YES_ERROR;
				CLANG_WARN_QUOTED_INCLUDE_IN_FRAMEWORK_HEADER = YES;
				CLANG_WARN_RANGE_LOOP_ANALYSIS = YES;
				CLANG_WARN_STRICT_PROTOTYPES = YES;
				CLANG_WARN_SUSPICIOUS_MOVE = YES;
				CLANG_WARN_UNGUARDED_AVAILABILITY = YES_AGGRESSIVE;
				CLANG_WARN_UNREACHABLE_CODE = YES;
				CLANG_WARN__DUPLICATE_METHOD_MATCH = YES;
				COPY_PHASE_STRIP = NO;
				DEBUG_INFORMATION_FORMAT = dwarf;
				ENABLE_STRICT_OBJC_MSGSEND = YES;
				ENABLE_TESTABILITY = YES;
				GCC_C_LANGUAGE_STANDARD = gnu11;
				GCC_DYNAMIC_NO_PIC = NO;
				GCC_NO_COMMON_BLOCKS = YES;
				GCC_OPTIMIZATION_LEVEL = 0;
				GCC_PREPROCESSOR_DEFINITIONS = (
					"DEBUG=1",
					"$(inherited)",
				);
				GCC_WARN_64_TO_32_BIT_CONVERSION = YES;
				GCC_WARN_ABOUT_RETURN_TYPE = YES_ERROR;
				GCC_WARN_UNDECLARED_SELECTOR = YES;
				GCC_WARN_UNINITIALIZED_AUTOS = YES_AGGRESSIVE;
				GCC_WARN_UNUSED_FUNCTION = YES;
				GCC_WARN_UNUSED_VARIABLE = YES;
				IPHONEOS_DEPLOYMENT_TARGET = 16.2;
				MTL_ENABLE_DEBUG_INFO = INCLUDE_SOURCE;
				MTL_FAST_MATH = YES;
				ONLY_ACTIVE_ARCH = YES;
				SDKROOT = iphoneos;
				SWIFT_ACTIVE_COMPILATION_CONDITIONS = DEBUG;
				SWIFT_OPTIMIZATION_LEVEL = "-Onone";
			};
			name = Debug;
		};
		29464BF229EF289100C1AE4E /* Release */ = {
			isa = XCBuildConfiguration;
			buildSettings = {
				ALWAYS_SEARCH_USER_PATHS = NO;
				CLANG_ANALYZER_NONNULL = YES;
				CLANG_ANALYZER_NUMBER_OBJECT_CONVERSION = YES_AGGRESSIVE;
				CLANG_CXX_LANGUAGE_STANDARD = "gnu++20";
				CLANG_ENABLE_MODULES = YES;
				CLANG_ENABLE_OBJC_ARC = YES;
				CLANG_ENABLE_OBJC_WEAK = YES;
				CLANG_WARN_BLOCK_CAPTURE_AUTORELEASING = YES;
				CLANG_WARN_BOOL_CONVERSION = YES;
				CLANG_WARN_COMMA = YES;
				CLANG_WARN_CONSTANT_CONVERSION = YES;
				CLANG_WARN_DEPRECATED_OBJC_IMPLEMENTATIONS = YES;
				CLANG_WARN_DIRECT_OBJC_ISA_USAGE = YES_ERROR;
				CLANG_WARN_DOCUMENTATION_COMMENTS = YES;
				CLANG_WARN_EMPTY_BODY = YES;
				CLANG_WARN_ENUM_CONVERSION = YES;
				CLANG_WARN_INFINITE_RECURSION = YES;
				CLANG_WARN_INT_CONVERSION = YES;
				CLANG_WARN_NON_LITERAL_NULL_CONVERSION = YES;
				CLANG_WARN_OBJC_IMPLICIT_RETAIN_SELF = YES;
				CLANG_WARN_OBJC_LITERAL_CONVERSION = YES;
				CLANG_WARN_OBJC_ROOT_CLASS = YES_ERROR;
				CLANG_WARN_QUOTED_INCLUDE_IN_FRAMEWORK_HEADER = YES;
				CLANG_WARN_RANGE_LOOP_ANALYSIS = YES;
				CLANG_WARN_STRICT_PROTOTYPES = YES;
				CLANG_WARN_SUSPICIOUS_MOVE = YES;
				CLANG_WARN_UNGUARDED_AVAILABILITY = YES_AGGRESSIVE;
				CLANG_WARN_UNREACHABLE_CODE = YES;
				CLANG_WARN__DUPLICATE_METHOD_MATCH = YES;
				COPY_PHASE_STRIP = NO;
				DEBUG_INFORMATION_FORMAT = "dwarf-with-dsym";
				ENABLE_NS_ASSERTIONS = NO;
				ENABLE_STRICT_OBJC_MSGSEND = YES;
				GCC_C_LANGUAGE_STANDARD = gnu11;
				GCC_NO_COMMON_BLOCKS = YES;
				GCC_WARN_64_TO_32_BIT_CONVERSION = YES;
				GCC_WARN_ABOUT_RETURN_TYPE = YES_ERROR;
				GCC_WARN_UNDECLARED_SELECTOR = YES;
				GCC_WARN_UNINITIALIZED_AUTOS = YES_AGGRESSIVE;
				GCC_WARN_UNUSED_FUNCTION = YES;
				GCC_WARN_UNUSED_VARIABLE = YES;
				IPHONEOS_DEPLOYMENT_TARGET = 16.2;
				MTL_ENABLE_DEBUG_INFO = NO;
				MTL_FAST_MATH = YES;
				SDKROOT = iphoneos;
				SWIFT_COMPILATION_MODE = wholemodule;
				SWIFT_OPTIMIZATION_LEVEL = "-O";
				VALIDATE_PRODUCT = YES;
			};
			name = Release;
		};
		29464BF429EF289100C1AE4E /* Debug */ = {
			isa = XCBuildConfiguration;
			buildSettings = {
				ASSETCATALOG_COMPILER_APPICON_NAME = AppIcon;
				ASSETCATALOG_COMPILER_GLOBAL_ACCENT_COLOR_NAME = AccentColor;
				CODE_SIGN_STYLE = Automatic;
				CURRENT_PROJECT_VERSION = 1;
				GENERATE_INFOPLIST_FILE = YES;
				INFOPLIST_FILE = ApplePie/Info.plist;
				INFOPLIST_KEY_UIApplicationSupportsIndirectInputEvents = YES;
				INFOPLIST_KEY_UILaunchStoryboardName = LaunchScreen;
				INFOPLIST_KEY_UIMainStoryboardFile = Main;
				INFOPLIST_KEY_UISupportedInterfaceOrientations_iPad = "UIInterfaceOrientationPortrait UIInterfaceOrientationPortraitUpsideDown UIInterfaceOrientationLandscapeLeft UIInterfaceOrientationLandscapeRight";
				INFOPLIST_KEY_UISupportedInterfaceOrientations_iPhone = "UIInterfaceOrientationPortrait UIInterfaceOrientationLandscapeLeft UIInterfaceOrientationLandscapeRight";
				LD_RUNPATH_SEARCH_PATHS = (
					"$(inherited)",
					"@executable_path/Frameworks",
				);
				MARKETING_VERSION = 1.0;
				PRODUCT_BUNDLE_IDENTIFIER = std.su.edu.sa.ApplePie;
				PRODUCT_NAME = "$(TARGET_NAME)";
				SWIFT_EMIT_LOC_STRINGS = YES;
				SWIFT_VERSION = 5.0;
				TARGETED_DEVICE_FAMILY = "1,2";
			};
			name = Debug;
		};
		29464BF529EF289100C1AE4E /* Release */ = {
			isa = XCBuildConfiguration;
			buildSettings = {
				ASSETCATALOG_COMPILER_APPICON_NAME = AppIcon;
				ASSETCATALOG_COMPILER_GLOBAL_ACCENT_COLOR_NAME = AccentColor;
				CODE_SIGN_STYLE = Automatic;
				CURRENT_PROJECT_VERSION = 1;
				GENERATE_INFOPLIST_FILE = YES;
				INFOPLIST_FILE = ApplePie/Info.plist;
				INFOPLIST_KEY_UIApplicationSupportsIndirectInputEvents = YES;
				INFOPLIST_KEY_UILaunchStoryboardName = LaunchScreen;
				INFOPLIST_KEY_UIMainStoryboardFile = Main;
				INFOPLIST_KEY_UISupportedInterfaceOrientations_iPad = "UIInterfaceOrientationPortrait UIInterfaceOrientationPortraitUpsideDown UIInterfaceOrientationLandscapeLeft UIInterfaceOrientationLandscapeRight";
				INFOPLIST_KEY_UISupportedInterfaceOrientations_iPhone = "UIInterfaceOrientationPortrait UIInterfaceOrientationLandscapeLeft UIInterfaceOrientationLandscapeRight";
				LD_RUNPATH_SEARCH_PATHS = (
					"$(inherited)",
					"@executable_path/Frameworks",
				);
				MARKETING_VERSION = 1.0;
				PRODUCT_BUNDLE_IDENTIFIER = std.su.edu.sa.ApplePie;
				PRODUCT_NAME = "$(TARGET_NAME)";
				SWIFT_EMIT_LOC_STRINGS = YES;
				SWIFT_VERSION = 5.0;
				TARGETED_DEVICE_FAMILY = "1,2";
			};
			name = Release;
		};
		29464BF729EF289100C1AE4E /* Debug */ = {
			isa = XCBuildConfiguration;
			buildSettings = {
				ALWAYS_EMBED_SWIFT_STANDARD_LIBRARIES = YES;
				BUNDLE_LOADER = "$(TEST_HOST)";
				CODE_SIGN_STYLE = Automatic;
				CURRENT_PROJECT_VERSION = 1;
				GENERATE_INFOPLIST_FILE = YES;
				IPHONEOS_DEPLOYMENT_TARGET = 16.2;
				MARKETING_VERSION = 1.0;
				PRODUCT_BUNDLE_IDENTIFIER = std.su.edu.sa.ApplePieTests;
				PRODUCT_NAME = "$(TARGET_NAME)";
				SWIFT_EMIT_LOC_STRINGS = NO;
				SWIFT_VERSION = 5.0;
				TARGETED_DEVICE_FAMILY = "1,2";
				TEST_HOST = "$(BUILT_PRODUCTS_DIR)/ApplePie.app/$(BUNDLE_EXECUTABLE_FOLDER_PATH)/ApplePie";
			};
			name = Debug;
		};
		29464BF829EF289100C1AE4E /* Release */ = {
			isa = XCBuildConfiguration;
			buildSettings = {
				ALWAYS_EMBED_SWIFT_STANDARD_LIBRARIES = YES;
				BUNDLE_LOADER = "$(TEST_HOST)";
				CODE_SIGN_STYLE = Automatic;
				CURRENT_PROJECT_VERSION = 1;
				GENERATE_INFOPLIST_FILE = YES;
				IPHONEOS_DEPLOYMENT_TARGET = 16.2;
				MARKETING_VERSION = 1.0;
				PRODUCT_BUNDLE_IDENTIFIER = std.su.edu.sa.ApplePieTests;
				PRODUCT_NAME = "$(TARGET_NAME)";
				SWIFT_EMIT_LOC_STRINGS = NO;
				SWIFT_VERSION = 5.0;
				TARGETED_DEVICE_FAMILY = "1,2";
				TEST_HOST = "$(BUILT_PRODUCTS_DIR)/ApplePie.app/$(BUNDLE_EXECUTABLE_FOLDER_PATH)/ApplePie";
			};
			name = Release;
		};
		29464BFA29EF289100C1AE4E /* Debug */ = {
			isa = XCBuildConfiguration;
			buildSettings = {
				ALWAYS_EMBED_SWIFT_STANDARD_LIBRARIES = YES;
				CODE_SIGN_STYLE = Automatic;
				CURRENT_PROJECT_VERSION = 1;
				GENERATE_INFOPLIST_FILE = YES;
				MARKETING_VERSION = 1.0;
				PRODUCT_BUNDLE_IDENTIFIER = std.su.edu.sa.ApplePieUITests;
				PRODUCT_NAME = "$(TARGET_NAME)";
				SWIFT_EMIT_LOC_STRINGS = NO;
				SWIFT_VERSION = 5.0;
				TARGETED_DEVICE_FAMILY = "1,2";
				TEST_TARGET_NAME = ApplePie;
			};
			name = Debug;
		};
		29464BFB29EF289100C1AE4E /* Release */ = {
			isa = XCBuildConfiguration;
			buildSettings = {
				ALWAYS_EMBED_SWIFT_STANDARD_LIBRARIES = YES;
				CODE_SIGN_STYLE = Automatic;
				CURRENT_PROJECT_VERSION = 1;
				GENERATE_INFOPLIST_FILE = YES;
				MARKETING_VERSION = 1.0;
				PRODUCT_BUNDLE_IDENTIFIER = std.su.edu.sa.ApplePieUITests;
				PRODUCT_NAME = "$(TARGET_NAME)";
				SWIFT_EMIT_LOC_STRINGS = NO;
				SWIFT_VERSION = 5.0;
				TARGETED_DEVICE_FAMILY = "1,2";
				TEST_TARGET_NAME = ApplePie;
			};
			name = Release;
		};
/* End XCBuildConfiguration section */

/* Begin XCConfigurationList section */
		29464BC429EF288900C1AE4E /* Build configuration list for PBXProject "ApplePie" */ = {
			isa = XCConfigurationList;
			buildConfigurations = (
				29464BF129EF289100C1AE4E /* Debug */,
				29464BF229EF289100C1AE4E /* Release */,
			);
			defaultConfigurationIsVisible = 0;
			defaultConfigurationName = Release;
		};
		29464BF329EF289100C1AE4E /* Build configuration list for PBXNativeTarget "ApplePie" */ = {
			isa = XCConfigurationList;
			buildConfigurations = (
				29464BF429EF289100C1AE4E /* Debug */,
				29464BF529EF289100C1AE4E /* Release */,
			);
			defaultConfigurationIsVisible = 0;
			defaultConfigurationName = Release;
		};
		29464BF629EF289100C1AE4E /* Build configuration list for PBXNativeTarget "ApplePieTests" */ = {
			isa = XCConfigurationList;
			buildConfigurations = (
				29464BF729EF289100C1AE4E /* Debug */,
				29464BF829EF289100C1AE4E /* Release */,
			);
			defaultConfigurationIsVisible = 0;
			defaultConfigurationName = Release;
		};
		29464BF929EF289100C1AE4E /* Build configuration list for PBXNativeTarget "ApplePieUITests" */ = {
			isa = XCConfigurationList;
			buildConfigurations = (
				29464BFA29EF289100C1AE4E /* Debug */,
				29464BFB29EF289100C1AE4E /* Release */,
			);
			defaultConfigurationIsVisible = 0;
			defaultConfigurationName = Release;
		};
/* End XCConfigurationList section */
	};
	rootObject = 29464BC129EF288900C1AE4E /* Project object */;
}
